// !$*UTF8*$!
{
	archiveVersion = 1;
	classes = {
	};
	objectVersion = 46;
	objects = {

/* Begin PBXBuildFile section */
		5478CAA81CF29DEF007FA5F5 /* main.m in Sources */ = {isa = PBXBuildFile; fileRef = 5478CAA71CF29DEF007FA5F5 /* main.m */; };
		5478CAAB1CF29DEF007FA5F5 /* AppDelegate.m in Sources */ = {isa = PBXBuildFile; fileRef = 5478CAAA1CF29DEF007FA5F5 /* AppDelegate.m */; };
		5478CAAE1CF29DEF007FA5F5 /* ViewController.m in Sources */ = {isa = PBXBuildFile; fileRef = 5478CAAD1CF29DEF007FA5F5 /* ViewController.m */; };
		5478CAB11CF29DEF007FA5F5 /* Main.storyboard in Resources */ = {isa = PBXBuildFile; fileRef = 5478CAAF1CF29DEF007FA5F5 /* Main.storyboard */; };
		5478CAB31CF29DEF007FA5F5 /* Assets.xcassets in Resources */ = {isa = PBXBuildFile; fileRef = 5478CAB21CF29DEF007FA5F5 /* Assets.xcassets */; };
		5478CAB61CF29DEF007FA5F5 /* LaunchScreen.storyboard in Resources */ = {isa = PBXBuildFile; fileRef = 5478CAB41CF29DEF007FA5F5 /* LaunchScreen.storyboard */; };
		5478CAC11CF29DEF007FA5F5 /* iReaderTests.m in Sources */ = {isa = PBXBuildFile; fileRef = 5478CAC01CF29DEF007FA5F5 /* iReaderTests.m */; };
		5478CACC1CF29DEF007FA5F5 /* iReaderUITests.m in Sources */ = {isa = PBXBuildFile; fileRef = 5478CACB1CF29DEF007FA5F5 /* iReaderUITests.m */; };
		5478CADE1CF29EED007FA5F5 /* BookCollectionView.m in Sources */ = {isa = PBXBuildFile; fileRef = 5478CADD1CF29EED007FA5F5 /* BookCollectionView.m */; };
		5478CAE21CF2A06C007FA5F5 /* BookCell.m in Sources */ = {isa = PBXBuildFile; fileRef = 5478CAE11CF2A06C007FA5F5 /* BookCell.m */; };
		5478CAE61CF2C942007FA5F5 /* UIView+AutoLayout.m in Sources */ = {isa = PBXBuildFile; fileRef = 5478CAE51CF2C942007FA5F5 /* UIView+AutoLayout.m */; };
		5478CAE81CF2D135007FA5F5 /* books.json in Resources */ = {isa = PBXBuildFile; fileRef = 5478CAE71CF2D135007FA5F5 /* books.json */; };
		5478CAEB1CF2D19E007FA5F5 /* ViewDataManager.m in Sources */ = {isa = PBXBuildFile; fileRef = 5478CAEA1CF2D19E007FA5F5 /* ViewDataManager.m */; };
		5478CAF11CF2DEC1007FA5F5 /* BooksModel.m in Sources */ = {isa = PBXBuildFile; fileRef = 5478CAF01CF2DEC1007FA5F5 /* BooksModel.m */; };
		5478CAFE1CF2ECDF007FA5F5 /* BooksCollectionViewCellModel.m in Sources */ = {isa = PBXBuildFile; fileRef = 5478CAFD1CF2ECDF007FA5F5 /* BooksCollectionViewCellModel.m */; };
		5478CB011CF2EDA3007FA5F5 /* BooksViewModel.m in Sources */ = {isa = PBXBuildFile; fileRef = 5478CB001CF2EDA3007FA5F5 /* BooksViewModel.m */; };
		5478CB041CF305EB007FA5F5 /* BookReusableView.m in Sources */ = {isa = PBXBuildFile; fileRef = 5478CB031CF305EB007FA5F5 /* BookReusableView.m */; };
		A675758F3106A2FAAA74D6F3 /* libPods.a in Frameworks */ = {isa = PBXBuildFile; fileRef = 5ACBA10AE3D80F16FA3DE027 /* libPods.a */; };
/* End PBXBuildFile section */

/* Begin PBXContainerItemProxy section */
		5478CABD1CF29DEF007FA5F5 /* PBXContainerItemProxy */ = {
			isa = PBXContainerItemProxy;
			containerPortal = 5478CA9B1CF29DEF007FA5F5 /* Project object */;
			proxyType = 1;
			remoteGlobalIDString = 5478CAA21CF29DEF007FA5F5;
			remoteInfo = iReader;
		};
		5478CAC81CF29DEF007FA5F5 /* PBXContainerItemProxy */ = {
			isa = PBXContainerItemProxy;
			containerPortal = 5478CA9B1CF29DEF007FA5F5 /* Project object */;
			proxyType = 1;
			remoteGlobalIDString = 5478CAA21CF29DEF007FA5F5;
			remoteInfo = iReader;
		};
/* End PBXContainerItemProxy section */

/* Begin PBXFileReference section */
		5478CAA31CF29DEF007FA5F5 /* iReader.app */ = {isa = PBXFileReference; explicitFileType = wrapper.application; includeInIndex = 0; path = iReader.app; sourceTree = BUILT_PRODUCTS_DIR; };
		5478CAA71CF29DEF007FA5F5 /* main.m */ = {isa = PBXFileReference; lastKnownFileType = sourcecode.c.objc; path = main.m; sourceTree = "<group>"; };
		5478CAA91CF29DEF007FA5F5 /* AppDelegate.h */ = {isa = PBXFileReference; lastKnownFileType = sourcecode.c.h; path = AppDelegate.h; sourceTree = "<group>"; };
		5478CAAA1CF29DEF007FA5F5 /* AppDelegate.m */ = {isa = PBXFileReference; lastKnownFileType = sourcecode.c.objc; path = AppDelegate.m; sourceTree = "<group>"; };
		5478CAAC1CF29DEF007FA5F5 /* ViewController.h */ = {isa = PBXFileReference; lastKnownFileType = sourcecode.c.h; path = ViewController.h; sourceTree = "<group>"; };
		5478CAAD1CF29DEF007FA5F5 /* ViewController.m */ = {isa = PBXFileReference; lastKnownFileType = sourcecode.c.objc; path = ViewController.m; sourceTree = "<group>"; };
		5478CAB01CF29DEF007FA5F5 /* Base */ = {isa = PBXFileReference; lastKnownFileType = file.storyboard; name = Base; path = Base.lproj/Main.storyboard; sourceTree = "<group>"; };
		5478CAB21CF29DEF007FA5F5 /* Assets.xcassets */ = {isa = PBXFileReference; lastKnownFileType = folder.assetcatalog; path = Assets.xcassets; sourceTree = "<group>"; };
		5478CAB51CF29DEF007FA5F5 /* Base */ = {isa = PBXFileReference; lastKnownFileType = file.storyboard; name = Base; path = Base.lproj/LaunchScreen.storyboard; sourceTree = "<group>"; };
		5478CAB71CF29DEF007FA5F5 /* Info.plist */ = {isa = PBXFileReference; lastKnownFileType = text.plist.xml; path = Info.plist; sourceTree = "<group>"; };
		5478CABC1CF29DEF007FA5F5 /* iReaderTests.xctest */ = {isa = PBXFileReference; explicitFileType = wrapper.cfbundle; includeInIndex = 0; path = iReaderTests.xctest; sourceTree = BUILT_PRODUCTS_DIR; };
		5478CAC01CF29DEF007FA5F5 /* iReaderTests.m */ = {isa = PBXFileReference; lastKnownFileType = sourcecode.c.objc; path = iReaderTests.m; sourceTree = "<group>"; };
		5478CAC21CF29DEF007FA5F5 /* Info.plist */ = {isa = PBXFileReference; lastKnownFileType = text.plist.xml; path = Info.plist; sourceTree = "<group>"; };
		5478CAC71CF29DEF007FA5F5 /* iReaderUITests.xctest */ = {isa = PBXFileReference; explicitFileType = wrapper.cfbundle; includeInIndex = 0; path = iReaderUITests.xctest; sourceTree = BUILT_PRODUCTS_DIR; };
		5478CACB1CF29DEF007FA5F5 /* iReaderUITests.m */ = {isa = PBXFileReference; lastKnownFileType = sourcecode.c.objc; path = iReaderUITests.m; sourceTree = "<group>"; };
		5478CACD1CF29DEF007FA5F5 /* Info.plist */ = {isa = PBXFileReference; lastKnownFileType = text.plist.xml; path = Info.plist; sourceTree = "<group>"; };
		5478CADC1CF29EED007FA5F5 /* BookCollectionView.h */ = {isa = PBXFileReference; fileEncoding = 4; lastKnownFileType = sourcecode.c.h; path = BookCollectionView.h; sourceTree = "<group>"; };
		5478CADD1CF29EED007FA5F5 /* BookCollectionView.m */ = {isa = PBXFileReference; fileEncoding = 4; lastKnownFileType = sourcecode.c.objc; path = BookCollectionView.m; sourceTree = "<group>"; };
		5478CAE01CF2A06C007FA5F5 /* BookCell.h */ = {isa = PBXFileReference; fileEncoding = 4; lastKnownFileType = sourcecode.c.h; path = BookCell.h; sourceTree = "<group>"; };
		5478CAE11CF2A06C007FA5F5 /* BookCell.m */ = {isa = PBXFileReference; fileEncoding = 4; lastKnownFileType = sourcecode.c.objc; path = BookCell.m; sourceTree = "<group>"; };
		5478CAE41CF2C942007FA5F5 /* UIView+AutoLayout.h */ = {isa = PBXFileReference; fileEncoding = 4; lastKnownFileType = sourcecode.c.h; path = "UIView+AutoLayout.h"; sourceTree = "<group>"; };
		5478CAE51CF2C942007FA5F5 /* UIView+AutoLayout.m */ = {isa = PBXFileReference; fileEncoding = 4; lastKnownFileType = sourcecode.c.objc; path = "UIView+AutoLayout.m"; sourceTree = "<group>"; };
		5478CAE71CF2D135007FA5F5 /* books.json */ = {isa = PBXFileReference; fileEncoding = 4; lastKnownFileType = text.json; path = books.json; sourceTree = "<group>"; };
		5478CAE91CF2D19E007FA5F5 /* ViewDataManager.h */ = {isa = PBXFileReference; fileEncoding = 4; lastKnownFileType = sourcecode.c.h; name = ViewDataManager.h; path = ViewModel/ViewDataManager.h; sourceTree = "<group>"; };
		5478CAEA1CF2D19E007FA5F5 /* ViewDataManager.m */ = {isa = PBXFileReference; fileEncoding = 4; lastKnownFileType = sourcecode.c.objc; name = ViewDataManager.m; path = ViewModel/ViewDataManager.m; sourceTree = "<group>"; };
		5478CAEF1CF2DEC1007FA5F5 /* BooksModel.h */ = {isa = PBXFileReference; fileEncoding = 4; lastKnownFileType = sourcecode.c.h; path = BooksModel.h; sourceTree = "<group>"; };
		5478CAF01CF2DEC1007FA5F5 /* BooksModel.m */ = {isa = PBXFileReference; fileEncoding = 4; lastKnownFileType = sourcecode.c.objc; path = BooksModel.m; sourceTree = "<group>"; };
		5478CAFB1CF2EB56007FA5F5 /* BooksPrefixHeader.pch */ = {isa = PBXFileReference; lastKnownFileType = sourcecode.c.h; path = BooksPrefixHeader.pch; sourceTree = "<group>"; };
		5478CAFC1CF2ECDF007FA5F5 /* BooksCollectionViewCellModel.h */ = {isa = PBXFileReference; fileEncoding = 4; lastKnownFileType = sourcecode.c.h; path = BooksCollectionViewCellModel.h; sourceTree = "<group>"; };
		5478CAFD1CF2ECDF007FA5F5 /* BooksCollectionViewCellModel.m */ = {isa = PBXFileReference; fileEncoding = 4; lastKnownFileType = sourcecode.c.objc; path = BooksCollectionViewCellModel.m; sourceTree = "<group>"; };
		5478CAFF1CF2EDA3007FA5F5 /* BooksViewModel.h */ = {isa = PBXFileReference; fileEncoding = 4; lastKnownFileType = sourcecode.c.h; path = BooksViewModel.h; sourceTree = "<group>"; };
		5478CB001CF2EDA3007FA5F5 /* BooksViewModel.m */ = {isa = PBXFileReference; fileEncoding = 4; lastKnownFileType = sourcecode.c.objc; path = BooksViewModel.m; sourceTree = "<group>"; };
		5478CB021CF305EB007FA5F5 /* BookReusableView.h */ = {isa = PBXFileReference; fileEncoding = 4; lastKnownFileType = sourcecode.c.h; path = BookReusableView.h; sourceTree = "<group>"; };
		5478CB031CF305EB007FA5F5 /* BookReusableView.m */ = {isa = PBXFileReference; fileEncoding = 4; lastKnownFileType = sourcecode.c.objc; path = BookReusableView.m; sourceTree = "<group>"; };
		5ACBA10AE3D80F16FA3DE027 /* libPods.a */ = {isa = PBXFileReference; explicitFileType = archive.ar; includeInIndex = 0; path = libPods.a; sourceTree = BUILT_PRODUCTS_DIR; };
		A14E2C16227119AF216E3D6C /* Pods.debug.xcconfig */ = {isa = PBXFileReference; includeInIndex = 1; lastKnownFileType = text.xcconfig; name = Pods.debug.xcconfig; path = "Pods/Target Support Files/Pods/Pods.debug.xcconfig"; sourceTree = "<group>"; };
		B048EFFCB94AD97BD22CE641 /* Pods.release.xcconfig */ = {isa = PBXFileReference; includeInIndex = 1; lastKnownFileType = text.xcconfig; name = Pods.release.xcconfig; path = "Pods/Target Support Files/Pods/Pods.release.xcconfig"; sourceTree = "<group>"; };
/* End PBXFileReference section */

/* Begin PBXFrameworksBuildPhase section */
		5478CAA01CF29DEF007FA5F5 /* Frameworks */ = {
			isa = PBXFrameworksBuildPhase;
			buildActionMask = 2147483647;
			files = (
				A675758F3106A2FAAA74D6F3 /* libPods.a in Frameworks */,
			);
			runOnlyForDeploymentPostprocessing = 0;
		};
		5478CAB91CF29DEF007FA5F5 /* Frameworks */ = {
			isa = PBXFrameworksBuildPhase;
			buildActionMask = 2147483647;
			files = (
			);
			runOnlyForDeploymentPostprocessing = 0;
		};
		5478CAC41CF29DEF007FA5F5 /* Frameworks */ = {
			isa = PBXFrameworksBuildPhase;
			buildActionMask = 2147483647;
			files = (
			);
			runOnlyForDeploymentPostprocessing = 0;
		};
/* End PBXFrameworksBuildPhase section */

/* Begin PBXGroup section */
		5478CA9A1CF29DEF007FA5F5 = {
			isa = PBXGroup;
			children = (
				5478CAA51CF29DEF007FA5F5 /* iReader */,
				5478CABF1CF29DEF007FA5F5 /* iReaderTests */,
				5478CACA1CF29DEF007FA5F5 /* iReaderUITests */,
				5478CAA41CF29DEF007FA5F5 /* Products */,
				7563DDA2DAD9CF2EA88B5D65 /* Pods */,
				AB865083173299EB74C1B76B /* Frameworks */,
			);
			sourceTree = "<group>";
		};
		5478CAA41CF29DEF007FA5F5 /* Products */ = {
			isa = PBXGroup;
			children = (
				5478CAA31CF29DEF007FA5F5 /* iReader.app */,
				5478CABC1CF29DEF007FA5F5 /* iReaderTests.xctest */,
				5478CAC71CF29DEF007FA5F5 /* iReaderUITests.xctest */,
			);
			name = Products;
			sourceTree = "<group>";
		};
		5478CAA51CF29DEF007FA5F5 /* iReader */ = {
			isa = PBXGroup;
			children = (
				5478CAE31CF2C942007FA5F5 /* Tools */,
				5478CAD91CF29ECD007FA5F5 /* Model */,
				5478CADA1CF29ECD007FA5F5 /* View */,
				5478CADB1CF29ECD007FA5F5 /* ViewModel */,
				5478CAA91CF29DEF007FA5F5 /* AppDelegate.h */,
				5478CAAA1CF29DEF007FA5F5 /* AppDelegate.m */,
				5478CAE91CF2D19E007FA5F5 /* ViewDataManager.h */,
				5478CAEA1CF2D19E007FA5F5 /* ViewDataManager.m */,
				5478CAAC1CF29DEF007FA5F5 /* ViewController.h */,
				5478CAAD1CF29DEF007FA5F5 /* ViewController.m */,
				5478CAAF1CF29DEF007FA5F5 /* Main.storyboard */,
				5478CAB21CF29DEF007FA5F5 /* Assets.xcassets */,
				5478CAB41CF29DEF007FA5F5 /* LaunchScreen.storyboard */,
				5478CAB71CF29DEF007FA5F5 /* Info.plist */,
				5478CAA61CF29DEF007FA5F5 /* Supporting Files */,
				5478CAFB1CF2EB56007FA5F5 /* BooksPrefixHeader.pch */,
			);
			path = iReader;
			sourceTree = "<group>";
		};
		5478CAA61CF29DEF007FA5F5 /* Supporting Files */ = {
			isa = PBXGroup;
			children = (
				5478CAE71CF2D135007FA5F5 /* books.json */,
				5478CAA71CF29DEF007FA5F5 /* main.m */,
			);
			name = "Supporting Files";
			sourceTree = "<group>";
		};
		5478CABF1CF29DEF007FA5F5 /* iReaderTests */ = {
			isa = PBXGroup;
			children = (
				5478CAC01CF29DEF007FA5F5 /* iReaderTests.m */,
				5478CAC21CF29DEF007FA5F5 /* Info.plist */,
			);
			path = iReaderTests;
			sourceTree = "<group>";
		};
		5478CACA1CF29DEF007FA5F5 /* iReaderUITests */ = {
			isa = PBXGroup;
			children = (
				5478CACB1CF29DEF007FA5F5 /* iReaderUITests.m */,
				5478CACD1CF29DEF007FA5F5 /* Info.plist */,
			);
			path = iReaderUITests;
			sourceTree = "<group>";
		};
		5478CAD91CF29ECD007FA5F5 /* Model */ = {
			isa = PBXGroup;
			children = (
				5478CAEF1CF2DEC1007FA5F5 /* BooksModel.h */,
				5478CAF01CF2DEC1007FA5F5 /* BooksModel.m */,
			);
			path = Model;
			sourceTree = "<group>";
		};
		5478CADA1CF29ECD007FA5F5 /* View */ = {
			isa = PBXGroup;
			children = (
				5478CADF1CF2A053007FA5F5 /* Cell */,
				5478CADC1CF29EED007FA5F5 /* BookCollectionView.h */,
				5478CADD1CF29EED007FA5F5 /* BookCollectionView.m */,
			);
			path = View;
			sourceTree = "<group>";
		};
		5478CADB1CF29ECD007FA5F5 /* ViewModel */ = {
			isa = PBXGroup;
			children = (
				5478CAFC1CF2ECDF007FA5F5 /* BooksCollectionViewCellModel.h */,
				5478CAFD1CF2ECDF007FA5F5 /* BooksCollectionViewCellModel.m */,
				5478CAFF1CF2EDA3007FA5F5 /* BooksViewModel.h */,
				5478CB001CF2EDA3007FA5F5 /* BooksViewModel.m */,
			);
			path = ViewModel;
			sourceTree = "<group>";
		};
		5478CADF1CF2A053007FA5F5 /* Cell */ = {
			isa = PBXGroup;
			children = (
				5478CAE01CF2A06C007FA5F5 /* BookCell.h */,
				5478CAE11CF2A06C007FA5F5 /* BookCell.m */,
				5478CB021CF305EB007FA5F5 /* BookReusableView.h */,
				5478CB031CF305EB007FA5F5 /* BookReusableView.m */,
			);
			path = Cell;
			sourceTree = "<group>";
		};
		5478CAE31CF2C942007FA5F5 /* Tools */ = {
			isa = PBXGroup;
			children = (
				5478CAE41CF2C942007FA5F5 /* UIView+AutoLayout.h */,
				5478CAE51CF2C942007FA5F5 /* UIView+AutoLayout.m */,
			);
			path = Tools;
			sourceTree = "<group>";
		};
		7563DDA2DAD9CF2EA88B5D65 /* Pods */ = {
			isa = PBXGroup;
			children = (
				A14E2C16227119AF216E3D6C /* Pods.debug.xcconfig */,
				B048EFFCB94AD97BD22CE641 /* Pods.release.xcconfig */,
			);
			name = Pods;
			sourceTree = "<group>";
		};
		AB865083173299EB74C1B76B /* Frameworks */ = {
			isa = PBXGroup;
			children = (
				5ACBA10AE3D80F16FA3DE027 /* libPods.a */,
			);
			name = Frameworks;
			sourceTree = "<group>";
		};
/* End PBXGroup section */

/* Begin PBXNativeTarget section */
		5478CAA21CF29DEF007FA5F5 /* iReader */ = {
			isa = PBXNativeTarget;
			buildConfigurationList = 5478CAD01CF29DEF007FA5F5 /* Build configuration list for PBXNativeTarget "iReader" */;
			buildPhases = (
				26A2A3C2FEFBB49D45D861FA /* Check Pods Manifest.lock */,
				5478CA9F1CF29DEF007FA5F5 /* Sources */,
				5478CAA01CF29DEF007FA5F5 /* Frameworks */,
				5478CAA11CF29DEF007FA5F5 /* Resources */,
				49D536DA8F30771992BBBFFD /* Embed Pods Frameworks */,
				A2B2A812FC0B9BDE6D7A9983 /* Copy Pods Resources */,
			);
			buildRules = (
			);
			dependencies = (
			);
			name = iReader;
			productName = iReader;
			productReference = 5478CAA31CF29DEF007FA5F5 /* iReader.app */;
			productType = "com.apple.product-type.application";
		};
		5478CABB1CF29DEF007FA5F5 /* iReaderTests */ = {
			isa = PBXNativeTarget;
			buildConfigurationList = 5478CAD31CF29DEF007FA5F5 /* Build configuration list for PBXNativeTarget "iReaderTests" */;
			buildPhases = (
				5478CAB81CF29DEF007FA5F5 /* Sources */,
				5478CAB91CF29DEF007FA5F5 /* Frameworks */,
				5478CABA1CF29DEF007FA5F5 /* Resources */,
			);
			buildRules = (
			);
			dependencies = (
				5478CABE1CF29DEF007FA5F5 /* PBXTargetDependency */,
			);
			name = iReaderTests;
			productName = iReaderTests;
			productReference = 5478CABC1CF29DEF007FA5F5 /* iReaderTests.xctest */;
			productType = "com.apple.product-type.bundle.unit-test";
		};
		5478CAC61CF29DEF007FA5F5 /* iReaderUITests */ = {
			isa = PBXNativeTarget;
			buildConfigurationList = 5478CAD61CF29DEF007FA5F5 /* Build configuration list for PBXNativeTarget "iReaderUITests" */;
			buildPhases = (
				5478CAC31CF29DEF007FA5F5 /* Sources */,
				5478CAC41CF29DEF007FA5F5 /* Frameworks */,
				5478CAC51CF29DEF007FA5F5 /* Resources */,
			);
			buildRules = (
			);
			dependencies = (
				5478CAC91CF29DEF007FA5F5 /* PBXTargetDependency */,
			);
			name = iReaderUITests;
			productName = iReaderUITests;
			productReference = 5478CAC71CF29DEF007FA5F5 /* iReaderUITests.xctest */;
			productType = "com.apple.product-type.bundle.ui-testing";
		};
/* End PBXNativeTarget section */

/* Begin PBXProject section */
		5478CA9B1CF29DEF007FA5F5 /* Project object */ = {
			isa = PBXProject;
			attributes = {
				LastUpgradeCheck = 0710;
				ORGANIZATIONNAME = shimly;
				TargetAttributes = {
					5478CAA21CF29DEF007FA5F5 = {
						CreatedOnToolsVersion = 7.1.1;
					};
					5478CABB1CF29DEF007FA5F5 = {
						CreatedOnToolsVersion = 7.1.1;
						TestTargetID = 5478CAA21CF29DEF007FA5F5;
					};
					5478CAC61CF29DEF007FA5F5 = {
						CreatedOnToolsVersion = 7.1.1;
						TestTargetID = 5478CAA21CF29DEF007FA5F5;
					};
				};
			};
			buildConfigurationList = 5478CA9E1CF29DEF007FA5F5 /* Build configuration list for PBXProject "iReader" */;
			compatibilityVersion = "Xcode 3.2";
			developmentRegion = English;
			hasScannedForEncodings = 0;
			knownRegions = (
				en,
				Base,
			);
			mainGroup = 5478CA9A1CF29DEF007FA5F5;
			productRefGroup = 5478CAA41CF29DEF007FA5F5 /* Products */;
			projectDirPath = "";
			projectRoot = "";
			targets = (
				5478CAA21CF29DEF007FA5F5 /* iReader */,
				5478CABB1CF29DEF007FA5F5 /* iReaderTests */,
				5478CAC61CF29DEF007FA5F5 /* iReaderUITests */,
			);
		};
/* End PBXProject section */

/* Begin PBXResourcesBuildPhase section */
		5478CAA11CF29DEF007FA5F5 /* Resources */ = {
			isa = PBXResourcesBuildPhase;
			buildActionMask = 2147483647;
			files = (
				5478CAE81CF2D135007FA5F5 /* books.json in Resources */,
				5478CAB61CF29DEF007FA5F5 /* LaunchScreen.storyboard in Resources */,
				5478CAB31CF29DEF007FA5F5 /* Assets.xcassets in Resources */,
				5478CAB11CF29DEF007FA5F5 /* Main.storyboard in Resources */,
			);
			runOnlyForDeploymentPostprocessing = 0;
		};
		5478CABA1CF29DEF007FA5F5 /* Resources */ = {
			isa = PBXResourcesBuildPhase;
			buildActionMask = 2147483647;
			files = (
			);
			runOnlyForDeploymentPostprocessing = 0;
		};
		5478CAC51CF29DEF007FA5F5 /* Resources */ = {
			isa = PBXResourcesBuildPhase;
			buildActionMask = 2147483647;
			files = (
			);
			runOnlyForDeploymentPostprocessing = 0;
		};
/* End PBXResourcesBuildPhase section */

/* Begin PBXShellScriptBuildPhase section */
		26A2A3C2FEFBB49D45D861FA /* Check Pods Manifest.lock */ = {
			isa = PBXShellScriptBuildPhase;
			buildActionMask = 2147483647;
			files = (
			);
			inputPaths = (
			);
			name = "Check Pods Manifest.lock";
			outputPaths = (
			);
			runOnlyForDeploymentPostprocessing = 0;
			shellPath = /bin/sh;
			shellScript = "diff \"${PODS_ROOT}/../Podfile.lock\" \"${PODS_ROOT}/Manifest.lock\" > /dev/null\nif [[ $? != 0 ]] ; then\n    cat << EOM\nerror: The sandbox is not in sync with the Podfile.lock. Run 'pod install' or update your CocoaPods installation.\nEOM\n    exit 1\nfi\n";
			showEnvVarsInLog = 0;
		};
		49D536DA8F30771992BBBFFD /* Embed Pods Frameworks */ = {
			isa = PBXShellScriptBuildPhase;
			buildActionMask = 2147483647;
			files = (
			);
			inputPaths = (
			);
			name = "Embed Pods Frameworks";
			outputPaths = (
			);
			runOnlyForDeploymentPostprocessing = 0;
			shellPath = /bin/sh;
			shellScript = "\"${SRCROOT}/Pods/Target Support Files/Pods/Pods-frameworks.sh\"\n";
			showEnvVarsInLog = 0;
		};
		A2B2A812FC0B9BDE6D7A9983 /* Copy Pods Resources */ = {
			isa = PBXShellScriptBuildPhase;
			buildActionMask = 2147483647;
			files = (
			);
			inputPaths = (
			);
			name = "Copy Pods Resources";
			outputPaths = (
			);
			runOnlyForDeploymentPostprocessing = 0;
			shellPath = /bin/sh;
			shellScript = "\"${SRCROOT}/Pods/Target Support Files/Pods/Pods-resources.sh\"\n";
			showEnvVarsInLog = 0;
		};
/* End PBXShellScriptBuildPhase section */

/* Begin PBXSourcesBuildPhase section */
		5478CA9F1CF29DEF007FA5F5 /* Sources */ = {
			isa = PBXSourcesBuildPhase;
			buildActionMask = 2147483647;
			files = (
				5478CAAE1CF29DEF007FA5F5 /* ViewController.m in Sources */,
				5478CAE61CF2C942007FA5F5 /* UIView+AutoLayout.m in Sources */,
				5478CADE1CF29EED007FA5F5 /* BookCollectionView.m in Sources */,
				5478CAAB1CF29DEF007FA5F5 /* AppDelegate.m in Sources */,
				5478CAE21CF2A06C007FA5F5 /* BookCell.m in Sources */,
				5478CB041CF305EB007FA5F5 /* BookReusableView.m in Sources */,
				5478CAA81CF29DEF007FA5F5 /* main.m in Sources */,
				5478CAEB1CF2D19E007FA5F5 /* ViewDataManager.m in Sources */,
				5478CB011CF2EDA3007FA5F5 /* BooksViewModel.m in Sources */,
				5478CAFE1CF2ECDF007FA5F5 /* BooksCollectionViewCellModel.m in Sources */,
				5478CAF11CF2DEC1007FA5F5 /* BooksModel.m in Sources */,
			);
			runOnlyForDeploymentPostprocessing = 0;
		};
		5478CAB81CF29DEF007FA5F5 /* Sources */ = {
			isa = PBXSourcesBuildPhase;
			buildActionMask = 2147483647;
			files = (
				5478CAC11CF29DEF007FA5F5 /* iReaderTests.m in Sources */,
			);
			runOnlyForDeploymentPostprocessing = 0;
		};
		5478CAC31CF29DEF007FA5F5 /* Sources */ = {
			isa = PBXSourcesBuildPhase;
			buildActionMask = 2147483647;
			files = (
				5478CACC1CF29DEF007FA5F5 /* iReaderUITests.m in Sources */,
			);
			runOnlyForDeploymentPostprocessing = 0;
		};
/* End PBXSourcesBuildPhase section */

/* Begin PBXTargetDependency section */
		5478CABE1CF29DEF007FA5F5 /* PBXTargetDependency */ = {
			isa = PBXTargetDependency;
			target = 5478CAA21CF29DEF007FA5F5 /* iReader */;
			targetProxy = 5478CABD1CF29DEF007FA5F5 /* PBXContainerItemProxy */;
		};
		5478CAC91CF29DEF007FA5F5 /* PBXTargetDependency */ = {
			isa = PBXTargetDependency;
			target = 5478CAA21CF29DEF007FA5F5 /* iReader */;
			targetProxy = 5478CAC81CF29DEF007FA5F5 /* PBXContainerItemProxy */;
		};
/* End PBXTargetDependency section */

/* Begin PBXVariantGroup section */
		5478CAAF1CF29DEF007FA5F5 /* Main.storyboard */ = {
			isa = PBXVariantGroup;
			children = (
				5478CAB01CF29DEF007FA5F5 /* Base */,
			);
			name = Main.storyboard;
			sourceTree = "<group>";
		};
		5478CAB41CF29DEF007FA5F5 /* LaunchScreen.storyboard */ = {
			isa = PBXVariantGroup;
			children = (
				5478CAB51CF29DEF007FA5F5 /* Base */,
			);
			name = LaunchScreen.storyboard;
			sourceTree = "<group>";
		};
/* End PBXVariantGroup section */

/* Begin XCBuildConfiguration section */
		5478CACE1CF29DEF007FA5F5 /* Debug */ = {
			isa = XCBuildConfiguration;
			buildSettings = {
				ALWAYS_SEARCH_USER_PATHS = NO;
				CLANG_CXX_LANGUAGE_STANDARD = "gnu++0x";
				CLANG_CXX_LIBRARY = "libc++";
				CLANG_ENABLE_MODULES = YES;
				CLANG_ENABLE_OBJC_ARC = YES;
				CLANG_WARN_BOOL_CONVERSION = YES;
				CLANG_WARN_CONSTANT_CONVERSION = YES;
				CLANG_WARN_DIRECT_OBJC_ISA_USAGE = YES_ERROR;
				CLANG_WARN_EMPTY_BODY = YES;
				CLANG_WARN_ENUM_CONVERSION = YES;
				CLANG_WARN_INT_CONVERSION = YES;
				CLANG_WARN_OBJC_ROOT_CLASS = YES_ERROR;
				CLANG_WARN_UNREACHABLE_CODE = YES;
				CLANG_WARN__DUPLICATE_METHOD_MATCH = YES;
				"CODE_SIGN_IDENTITY[sdk=iphoneos*]" = "iPhone Developer";
				COPY_PHASE_STRIP = NO;
				DEBUG_INFORMATION_FORMAT = dwarf;
				ENABLE_STRICT_OBJC_MSGSEND = YES;
				ENABLE_TESTABILITY = YES;
				GCC_C_LANGUAGE_STANDARD = gnu99;
				GCC_DYNAMIC_NO_PIC = NO;
				GCC_NO_COMMON_BLOCKS = YES;
				GCC_OPTIMIZATION_LEVEL = 0;
				GCC_PREPROCESSOR_DEFINITIONS = (
					"DEBUG=1",
					"$(inherited)",
				);
				GCC_WARN_64_TO_32_BIT_CONVERSION = YES;
				GCC_WARN_ABOUT_RETURN_TYPE = YES_ERROR;
				GCC_WARN_UNDECLARED_SELECTOR = YES;
				GCC_WARN_UNINITIALIZED_AUTOS = YES_AGGRESSIVE;
				GCC_WARN_UNUSED_FUNCTION = YES;
				GCC_WARN_UNUSED_VARIABLE = YES;
				IPHONEOS_DEPLOYMENT_TARGET = 9.1;
				MTL_ENABLE_DEBUG_INFO = YES;
				ONLY_ACTIVE_ARCH = YES;
				SDKROOT = iphoneos;
				TARGETED_DEVICE_FAMILY = "1,2";
			};
			name = Debug;
		};
		5478CACF1CF29DEF007FA5F5 /* Release */ = {
			isa = XCBuildConfiguration;
			buildSettings = {
				ALWAYS_SEARCH_USER_PATHS = NO;
				CLANG_CXX_LANGUAGE_STANDARD = "gnu++0x";
				CLANG_CXX_LIBRARY = "libc++";
				CLANG_ENABLE_MODULES = YES;
				CLANG_ENABLE_OBJC_ARC = YES;
				CLANG_WARN_BOOL_CONVERSION = YES;
				CLANG_WARN_CONSTANT_CONVERSION = YES;
				CLANG_WARN_DIRECT_OBJC_ISA_USAGE = YES_ERROR;
				CLANG_WARN_EMPTY_BODY = YES;
				CLANG_WARN_ENUM_CONVERSION = YES;
				CLANG_WARN_INT_CONVERSION = YES;
				CLANG_WARN_OBJC_ROOT_CLASS = YES_ERROR;
				CLANG_WARN_UNREACHABLE_CODE = YES;
				CLANG_WARN__DUPLICATE_METHOD_MATCH = YES;
				"CODE_SIGN_IDENTITY[sdk=iphoneos*]" = "iPhone Developer";
				COPY_PHASE_STRIP = NO;
				DEBUG_INFORMATION_FORMAT = "dwarf-with-dsym";
				ENABLE_NS_ASSERTIONS = NO;
				ENABLE_STRICT_OBJC_MSGSEND = YES;
				GCC_C_LANGUAGE_STANDARD = gnu99;
				GCC_NO_COMMON_BLOCKS = YES;
				GCC_WARN_64_TO_32_BIT_CONVERSION = YES;
				GCC_WARN_ABOUT_RETURN_TYPE = YES_ERROR;
				GCC_WARN_UNDECLARED_SELECTOR = YES;
				GCC_WARN_UNINITIALIZED_AUTOS = YES_AGGRESSIVE;
				GCC_WARN_UNUSED_FUNCTION = YES;
				GCC_WARN_UNUSED_VARIABLE = YES;
				IPHONEOS_DEPLOYMENT_TARGET = 9.1;
				MTL_ENABLE_DEBUG_INFO = NO;
				SDKROOT = iphoneos;
				TARGETED_DEVICE_FAMILY = "1,2";
				VALIDATE_PRODUCT = YES;
			};
			name = Release;
		};
		5478CAD11CF29DEF007FA5F5 /* Debug */ = {
			isa = XCBuildConfiguration;
			baseConfigurationReference = A14E2C16227119AF216E3D6C /* Pods.debug.xcconfig */;
			buildSettings = {
				ASSETCATALOG_COMPILER_APPICON_NAME = AppIcon;
				GCC_PRECOMPILE_PREFIX_HEADER = YES;
				GCC_PREFIX_HEADER = "$(SRCROOT)/iReader/BooksPrefixHeader.pch";
				INFOPLIST_FILE = iReader/Info.plist;
				LD_RUNPATH_SEARCH_PATHS = "$(inherited) @executable_path/Frameworks";
				PRODUCT_BUNDLE_IDENTIFIER = com.yuntai.iReader;
				PRODUCT_NAME = "$(TARGET_NAME)";
				USER_HEADER_SEARCH_PATHS = "${SRCROOT} /**";
			};
			name = Debug;
		};
		5478CAD21CF29DEF007FA5F5 /* Release */ = {
			isa = XCBuildConfiguration;
			baseConfigurationReference = B048EFFCB94AD97BD22CE641 /* Pods.release.xcconfig */;
			buildSettings = {
				ASSETCATALOG_COMPILER_APPICON_NAME = AppIcon;
				GCC_PRECOMPILE_PREFIX_HEADER = YES;
				GCC_PREFIX_HEADER = "$(SRCROOT)/iReader/BooksPrefixHeader.pch";
				INFOPLIST_FILE = iReader/Info.plist;
				LD_RUNPATH_SEARCH_PATHS = "$(inherited) @executable_path/Frameworks";
				PRODUCT_BUNDLE_IDENTIFIER = com.yuntai.iReader;
				PRODUCT_NAME = "$(TARGET_NAME)";
				USER_HEADER_SEARCH_PATHS = "${SRCROOT} /**";
			};
			name = Release;
		};
		5478CAD41CF29DEF007FA5F5 /* Debug */ = {
			isa = XCBuildConfiguration;
			buildSettings = {
				BUNDLE_LOADER = "$(TEST_HOST)";
				INFOPLIST_FILE = iReaderTests/Info.plist;
				LD_RUNPATH_SEARCH_PATHS = "$(inherited) @executable_path/Frameworks @loader_path/Frameworks";
				PRODUCT_BUNDLE_IDENTIFIER = com.yuntai.iReaderTests;
				PRODUCT_NAME = "$(TARGET_NAME)";
				TEST_HOST = "$(BUILT_PRODUCTS_DIR)/iReader.app/iReader";
			};
			name = Debug;
		};
		5478CAD51CF29DEF007FA5F5 /* Release */ = {
			isa = XCBuildConfiguration;
			buildSettings = {
				BUNDLE_LOADER = "$(TEST_HOST)";
				INFOPLIST_FILE = iReaderTests/Info.plist;
				LD_RUNPATH_SEARCH_PATHS = "$(inherited) @executable_path/Frameworks @loader_path/Frameworks";
				PRODUCT_BUNDLE_IDENTIFIER = com.yuntai.iReaderTests;
				PRODUCT_NAME = "$(TARGET_NAME)";
				TEST_HOST = "$(BUILT_PRODUCTS_DIR)/iReader.app/iReader";
			};
			name = Release;
		};
		5478CAD71CF29DEF007FA5F5 /* Debug */ = {
			isa = XCBuildConfiguration;
			buildSettings = {
				INFOPLIST_FILE = iReaderUITests/Info.plist;
				LD_RUNPATH_SEARCH_PATHS = "$(inherited) @executable_path/Frameworks @loader_path/Frameworks";
				PRODUCT_BUNDLE_IDENTIFIER = com.yuntai.iReaderUITests;
				PRODUCT_NAME = "$(TARGET_NAME)";
				TEST_TARGET_NAME = iReader;
				USES_XCTRUNNER = YES;
			};
			name = Debug;
		};
		5478CAD81CF29DEF007FA5F5 /* Release */ = {
			isa = XCBuildConfiguration;
			buildSettings = {
				INFOPLIST_FILE = iReaderUITests/Info.plist;
				LD_RUNPATH_SEARCH_PATHS = "$(inherited) @executable_path/Frameworks @loader_path/Frameworks";
				PRODUCT_BUNDLE_IDENTIFIER = com.yuntai.iReaderUITests;
				PRODUCT_NAME = "$(TARGET_NAME)";
				TEST_TARGET_NAME = iReader;
				USES_XCTRUNNER = YES;
			};
			name = Release;
		};
/* End XCBuildConfiguration section */

/* Begin XCConfigurationList section */
		5478CA9E1CF29DEF007FA5F5 /* Build configuration list for PBXProject "iReader" */ = {
			isa = XCConfigurationList;
			buildConfigurations = (
				5478CACE1CF29DEF007FA5F5 /* Debug */,
				5478CACF1CF29DEF007FA5F5 /* Release */,
			);
			defaultConfigurationIsVisible = 0;
			defaultConfigurationName = Release;
		};
		5478CAD01CF29DEF007FA5F5 /* Build configuration list for PBXNativeTarget "iReader" */ = {
			isa = XCConfigurationList;
			buildConfigurations = (
				5478CAD11CF29DEF007FA5F5 /* Debug */,
				5478CAD21CF29DEF007FA5F5 /* Release */,
			);
			defaultConfigurationIsVisible = 0;
			defaultConfigurationName = Release;
		};
		5478CAD31CF29DEF007FA5F5 /* Build configuration list for PBXNativeTarget "iReaderTests" */ = {
			isa = XCConfigurationList;
			buildConfigurations = (
				5478CAD41CF29DEF007FA5F5 /* Debug */,
				5478CAD51CF29DEF007FA5F5 /* Release */,
			);
			defaultConfigurationIsVisible = 0;
			defaultConfigurationName = Release;
		};
		5478CAD61CF29DEF007FA5F5 /* Build configuration list for PBXNativeTarget "iReaderUITests" */ = {
			isa = XCConfigurationList;
			buildConfigurations = (
				5478CAD71CF29DEF007FA5F5 /* Debug */,
				5478CAD81CF29DEF007FA5F5 /* Release */,
			);
			defaultConfigurationIsVisible = 0;
			defaultConfigurationName = Release;
		};
/* End XCConfigurationList section */
	};
	rootObject = 5478CA9B1CF29DEF007FA5F5 /* Project object */;
}
